Microsoft Visual Studio Solution File, Format Version 11.00
# Visual Studio 2008

Project("{584523BC-98AE-E8B6-AF3B-98910724CBBD}") = "There are no brakes", "Assembly-CSharp-firstpass.csproj", "{605AE7C2-80CB-B770-6205-27D611C32240}"
EndProject
Project("{584523BC-98AE-E8B6-AF3B-98910724CBBD}") = "There are no brakes", "Assembly-CSharp.csproj", "{C79836F9-12A6-B5BB-1BB2-BBD6C321DBD0}"
EndProject
Project("{584523BC-98AE-E8B6-AF3B-98910724CBBD}") = "There are no brakes", "Assembly-CSharp-Editor.csproj", "{C652CF87-8AC3-378F-3888-6D76E2EDCD3B}"
EndProject
Project("{584523BC-98AE-E8B6-AF3B-98910724CBBD}") = "There are no brakes", "Assembly-UnityScript.unityproj", "{A5D29527-CDBE-E14C-EE29-E59E218B658A}"
EndProject
Global
	GlobalSection(SolutionConfigurationPlatforms) = preSolution
		Debug|Any CPU = Debug|Any CPU
		Release|Any CPU = Release|Any CPU
	EndGlobalSection
	GlobalSection(ProjectConfigurationPlatforms) = postSolution
		{605AE7C2-80CB-B770-6205-27D611C32240}.Debug|Any CPU.ActiveCfg = Debug|Any CPU
		{605AE7C2-80CB-B770-6205-27D611C32240}.Debug|Any CPU.Build.0 = Debug|Any CPU
		{605AE7C2-80CB-B770-6205-27D611C32240}.Release|Any CPU.ActiveCfg = Release|Any CPU
		{605AE7C2-80CB-B770-6205-27D611C32240}.Release|Any CPU.Build.0 = Release|Any CPU
		{C79836F9-12A6-B5BB-1BB2-BBD6C321DBD0}.Debug|Any CPU.ActiveCfg = Debug|Any CPU
		{C79836F9-12A6-B5BB-1BB2-BBD6C321DBD0}.Debug|Any CPU.Build.0 = Debug|Any CPU
		{C79836F9-12A6-B5BB-1BB2-BBD6C321DBD0}.Release|Any CPU.ActiveCfg = Release|Any CPU
		{C79836F9-12A6-B5BB-1BB2-BBD6C321DBD0}.Release|Any CPU.Build.0 = Release|Any CPU
		{C652CF87-8AC3-378F-3888-6D76E2EDCD3B}.Debug|Any CPU.ActiveCfg = Debug|Any CPU
		{C652CF87-8AC3-378F-3888-6D76E2EDCD3B}.Debug|Any CPU.Build.0 = Debug|Any CPU
		{C652CF87-8AC3-378F-3888-6D76E2EDCD3B}.Release|Any CPU.ActiveCfg = Release|Any CPU
		{C652CF87-8AC3-378F-3888-6D76E2EDCD3B}.Release|Any CPU.Build.0 = Release|Any CPU
		{A5D29527-CDBE-E14C-EE29-E59E218B658A}.Debug|Any CPU.ActiveCfg = Debug|Any CPU
		{A5D29527-CDBE-E14C-EE29-E59E218B658A}.Debug|Any CPU.Build.0 = Debug|Any CPU
		{A5D29527-CDBE-E14C-EE29-E59E218B658A}.Release|Any CPU.ActiveCfg = Release|Any CPU
		{A5D29527-CDBE-E14C-EE29-E59E218B658A}.Release|Any CPU.Build.0 = Release|Any CPU
	EndGlobalSection
	GlobalSection(SolutionProperties) = preSolution
		HideSolutionNode = FALSE
	EndGlobalSection
	GlobalSection(MonoDevelopProperties) = preSolution
		StartupItem = Assembly-CSharp.csproj
	EndGlobalSection
EndGlobal
